
Microsoft Visual Studio Solution File, Format Version 12.00
# Visual Studio Version 17
VisualStudioVersion = 17.0.32014.148
MinimumVisualStudioVersion = 10.0.40219.1
Project("{9A19103F-16F7-4668-BE54-9A1E7A4F7556}") = "Banking_SimpleCoreApi", "Banking_SimpleCoreApi.csproj", "{B94B6458-73DF-4577-8AE2-FB42B1E0FFEB}"
EndProject
Global
	GlobalSection(SolutionConfigurationPlatforms) = preSolution
		Debug|Any CPU = Debug|Any CPU
		Release|Any CPU = Release|Any CPU
	EndGlobalSection
	GlobalSection(ProjectConfigurationPlatforms) = postSolution
		{B94B6458-73DF-4577-8AE2-FB42B1E0FFEB}.Debug|Any CPU.ActiveCfg = Debug|Any CPU
		{B94B6458-73DF-4577-8AE2-FB42B1E0FFEB}.Debug|Any CPU.Build.0 = Debug|Any CPU
		{B94B6458-73DF-4577-8AE2-FB42B1E0FFEB}.Release|Any CPU.ActiveCfg = Release|Any CPU
		{B94B6458-73DF-4577-8AE2-FB42B1E0FFEB}.Release|Any CPU.Build.0 = Release|Any CPU
	EndGlobalSection
	GlobalSection(SolutionProperties) = preSolution
		HideSolutionNode = FALSE
	EndGlobalSection
	GlobalSection(ExtensibilityGlobals) = postSolution
		SolutionGuid = {ED469519-3336-4B04-B396-3A2F54D16677}
	EndGlobalSection
EndGlobal
